// !$*UTF8*$!
{
	archiveVersion = 1;
	classes = {
	};
	objectVersion = 51;
	objects = {

/* Begin PBXBuildFile section */
		12567DDA2327328000A5AB6F /* AppDelegate.swift in Sources */ = {isa = PBXBuildFile; fileRef = 12567DD92327328000A5AB6F /* AppDelegate.swift */; };
		12567DDF2327328000A5AB6F /* Main.storyboard in Resources */ = {isa = PBXBuildFile; fileRef = 12567DDD2327328000A5AB6F /* Main.storyboard */; };
		12567DE12327328000A5AB6F /* Assets.xcassets in Resources */ = {isa = PBXBuildFile; fileRef = 12567DE02327328000A5AB6F /* Assets.xcassets */; };
		12567DE42327328000A5AB6F /* LaunchScreen.storyboard in Resources */ = {isa = PBXBuildFile; fileRef = 12567DE22327328000A5AB6F /* LaunchScreen.storyboard */; };
		12567DEF2327328100A5AB6F /* flixsterTests.swift in Sources */ = {isa = PBXBuildFile; fileRef = 12567DEE2327328100A5AB6F /* flixsterTests.swift */; };
		12567DFA2327328100A5AB6F /* flixsterUITests.swift in Sources */ = {isa = PBXBuildFile; fileRef = 12567DF92327328100A5AB6F /* flixsterUITests.swift */; };
		12567E082327355400A5AB6F /* MoviesViewController.swift in Sources */ = {isa = PBXBuildFile; fileRef = 12567E072327355400A5AB6F /* MoviesViewController.swift */; };
		12567E0A2327402A00A5AB6F /* MovieCell.swift in Sources */ = {isa = PBXBuildFile; fileRef = 12567E092327402A00A5AB6F /* MovieCell.swift */; };
		1287B9EC23397A2100B50696 /* MovieDetailsViewController.swift in Sources */ = {isa = PBXBuildFile; fileRef = 1287B9EB23397A2100B50696 /* MovieDetailsViewController.swift */; };
		1287B9EE2339865600B50696 /* MovieGridViewController.swift in Sources */ = {isa = PBXBuildFile; fileRef = 1287B9ED2339865600B50696 /* MovieGridViewController.swift */; };
		1287B9F023399AE600B50696 /* MovieGridCell.swift in Sources */ = {isa = PBXBuildFile; fileRef = 1287B9EF23399AE600B50696 /* MovieGridCell.swift */; };
		3EE873258BAF3DAD12563E4F /* Pods_flixsterUITests.framework in Frameworks */ = {isa = PBXBuildFile; fileRef = 0DF975CB32BAF663257C187F /* Pods_flixsterUITests.framework */; };
		B665D36AD8E187DFFF9A9C86 /* Pods_flixster.framework in Frameworks */ = {isa = PBXBuildFile; fileRef = 8BD6C9B24E1BC73A6E52BE10 /* Pods_flixster.framework */; };
		C4CF2632B5E32071BA21B7CA /* Pods_flixsterTests.framework in Frameworks */ = {isa = PBXBuildFile; fileRef = D880601795388AD0E1B5DD1A /* Pods_flixsterTests.framework */; };
/* End PBXBuildFile section */

/* Begin PBXContainerItemProxy section */
		12567DEB2327328100A5AB6F /* PBXContainerItemProxy */ = {
			isa = PBXContainerItemProxy;
			containerPortal = 12567DCE2327328000A5AB6F /* Project object */;
			proxyType = 1;
			remoteGlobalIDString = 12567DD52327328000A5AB6F;
			remoteInfo = flixster;
		};
		12567DF62327328100A5AB6F /* PBXContainerItemProxy */ = {
			isa = PBXContainerItemProxy;
			containerPortal = 12567DCE2327328000A5AB6F /* Project object */;
			proxyType = 1;
			remoteGlobalIDString = 12567DD52327328000A5AB6F;
			remoteInfo = flixster;
		};
/* End PBXContainerItemProxy section */

/* Begin PBXFileReference section */
		0DF975CB32BAF663257C187F /* Pods_flixsterUITests.framework */ = {isa = PBXFileReference; explicitFileType = wrapper.framework; includeInIndex = 0; path = Pods_flixsterUITests.framework; sourceTree = BUILT_PRODUCTS_DIR; };
		12567DD62327328000A5AB6F /* flixster.app */ = {isa = PBXFileReference; explicitFileType = wrapper.application; includeInIndex = 0; path = flixster.app; sourceTree = BUILT_PRODUCTS_DIR; };
		12567DD92327328000A5AB6F /* AppDelegate.swift */ = {isa = PBXFileReference; lastKnownFileType = sourcecode.swift; path = AppDelegate.swift; sourceTree = "<group>"; };
		12567DDE2327328000A5AB6F /* Base */ = {isa = PBXFileReference; lastKnownFileType = file.storyboard; name = Base; path = Base.lproj/Main.storyboard; sourceTree = "<group>"; };
		12567DE02327328000A5AB6F /* Assets.xcassets */ = {isa = PBXFileReference; lastKnownFileType = folder.assetcatalog; path = Assets.xcassets; sourceTree = "<group>"; };
		12567DE32327328000A5AB6F /* Base */ = {isa = PBXFileReference; lastKnownFileType = file.storyboard; name = Base; path = Base.lproj/LaunchScreen.storyboard; sourceTree = "<group>"; };
		12567DE52327328000A5AB6F /* Info.plist */ = {isa = PBXFileReference; lastKnownFileType = text.plist.xml; path = Info.plist; sourceTree = "<group>"; };
		12567DEA2327328100A5AB6F /* flixsterTests.xctest */ = {isa = PBXFileReference; explicitFileType = wrapper.cfbundle; includeInIndex = 0; path = flixsterTests.xctest; sourceTree = BUILT_PRODUCTS_DIR; };
		12567DEE2327328100A5AB6F /* flixsterTests.swift */ = {isa = PBXFileReference; lastKnownFileType = sourcecode.swift; path = flixsterTests.swift; sourceTree = "<group>"; };
		12567DF02327328100A5AB6F /* Info.plist */ = {isa = PBXFileReference; lastKnownFileType = text.plist.xml; path = Info.plist; sourceTree = "<group>"; };
		12567DF52327328100A5AB6F /* flixsterUITests.xctest */ = {isa = PBXFileReference; explicitFileType = wrapper.cfbundle; includeInIndex = 0; path = flixsterUITests.xctest; sourceTree = BUILT_PRODUCTS_DIR; };
		12567DF92327328100A5AB6F /* flixsterUITests.swift */ = {isa = PBXFileReference; lastKnownFileType = sourcecode.swift; path = flixsterUITests.swift; sourceTree = "<group>"; };
		12567DFB2327328100A5AB6F /* Info.plist */ = {isa = PBXFileReference; lastKnownFileType = text.plist.xml; path = Info.plist; sourceTree = "<group>"; };
		12567E072327355400A5AB6F /* MoviesViewController.swift */ = {isa = PBXFileReference; lastKnownFileType = sourcecode.swift; path = MoviesViewController.swift; sourceTree = "<group>"; };
		12567E092327402A00A5AB6F /* MovieCell.swift */ = {isa = PBXFileReference; lastKnownFileType = sourcecode.swift; path = MovieCell.swift; sourceTree = "<group>"; };
		1287B9EB23397A2100B50696 /* MovieDetailsViewController.swift */ = {isa = PBXFileReference; lastKnownFileType = sourcecode.swift; path = MovieDetailsViewController.swift; sourceTree = "<group>"; };
		1287B9ED2339865600B50696 /* MovieGridViewController.swift */ = {isa = PBXFileReference; lastKnownFileType = sourcecode.swift; path = MovieGridViewController.swift; sourceTree = "<group>"; };
		1287B9EF23399AE600B50696 /* MovieGridCell.swift */ = {isa = PBXFileReference; lastKnownFileType = sourcecode.swift; path = MovieGridCell.swift; sourceTree = "<group>"; };
		2B638DA7AB3D98B8DA9B3ACA /* Pods-flixsterUITests.debug.xcconfig */ = {isa = PBXFileReference; includeInIndex = 1; lastKnownFileType = text.xcconfig; name = "Pods-flixsterUITests.debug.xcconfig"; path = "Target Support Files/Pods-flixsterUITests/Pods-flixsterUITests.debug.xcconfig"; sourceTree = "<group>"; };
		5166F52B4D9738CCF5637035 /* Pods-flixsterUITests.release.xcconfig */ = {isa = PBXFileReference; includeInIndex = 1; lastKnownFileType = text.xcconfig; name = "Pods-flixsterUITests.release.xcconfig"; path = "Target Support Files/Pods-flixsterUITests/Pods-flixsterUITests.release.xcconfig"; sourceTree = "<group>"; };
		7C004FF46B391B578F0AD816 /* Pods-flixsterTests.debug.xcconfig */ = {isa = PBXFileReference; includeInIndex = 1; lastKnownFileType = text.xcconfig; name = "Pods-flixsterTests.debug.xcconfig"; path = "Target Support Files/Pods-flixsterTests/Pods-flixsterTests.debug.xcconfig"; sourceTree = "<group>"; };
		8BD6C9B24E1BC73A6E52BE10 /* Pods_flixster.framework */ = {isa = PBXFileReference; explicitFileType = wrapper.framework; includeInIndex = 0; path = Pods_flixster.framework; sourceTree = BUILT_PRODUCTS_DIR; };
		8F1B420A1E693D7F584CB0E9 /* Pods-flixster.release.xcconfig */ = {isa = PBXFileReference; includeInIndex = 1; lastKnownFileType = text.xcconfig; name = "Pods-flixster.release.xcconfig"; path = "Target Support Files/Pods-flixster/Pods-flixster.release.xcconfig"; sourceTree = "<group>"; };
		9F881ABCF39E243CA3350712 /* Pods-flixster.debug.xcconfig */ = {isa = PBXFileReference; includeInIndex = 1; lastKnownFileType = text.xcconfig; name = "Pods-flixster.debug.xcconfig"; path = "Target Support Files/Pods-flixster/Pods-flixster.debug.xcconfig"; sourceTree = "<group>"; };
		CED3F38F0FA25C05423BF846 /* Pods-flixsterTests.release.xcconfig */ = {isa = PBXFileReference; includeInIndex = 1; lastKnownFileType = text.xcconfig; name = "Pods-flixsterTests.release.xcconfig"; path = "Target Support Files/Pods-flixsterTests/Pods-flixsterTests.release.xcconfig"; sourceTree = "<group>"; };
		D880601795388AD0E1B5DD1A /* Pods_flixsterTests.framework */ = {isa = PBXFileReference; explicitFileType = wrapper.framework; includeInIndex = 0; path = Pods_flixsterTests.framework; sourceTree = BUILT_PRODUCTS_DIR; };
/* End PBXFileReference section */

/* Begin PBXFrameworksBuildPhase section */
		12567DD32327328000A5AB6F /* Frameworks */ = {
			isa = PBXFrameworksBuildPhase;
			buildActionMask = 2147483647;
			files = (
				B665D36AD8E187DFFF9A9C86 /* Pods_flixster.framework in Frameworks */,
			);
			runOnlyForDeploymentPostprocessing = 0;
		};
		12567DE72327328100A5AB6F /* Frameworks */ = {
			isa = PBXFrameworksBuildPhase;
			buildActionMask = 2147483647;
			files = (
				C4CF2632B5E32071BA21B7CA /* Pods_flixsterTests.framework in Frameworks */,
			);
			runOnlyForDeploymentPostprocessing = 0;
		};
		12567DF22327328100A5AB6F /* Frameworks */ = {
			isa = PBXFrameworksBuildPhase;
			buildActionMask = 2147483647;
			files = (
				3EE873258BAF3DAD12563E4F /* Pods_flixsterUITests.framework in Frameworks */,
			);
			runOnlyForDeploymentPostprocessing = 0;
		};
/* End PBXFrameworksBuildPhase section */

/* Begin PBXGroup section */
		12567DCD2327328000A5AB6F = {
			isa = PBXGroup;
			children = (
				12567DD82327328000A5AB6F /* flixster */,
				12567DED2327328100A5AB6F /* flixsterTests */,
				12567DF82327328100A5AB6F /* flixsterUITests */,
				12567DD72327328000A5AB6F /* Products */,
				CF1DBF0ACB178E306AFCCBF7 /* Pods */,
				4A332E9B9E650447431F2F92 /* Frameworks */,
			);
			sourceTree = "<group>";
		};
		12567DD72327328000A5AB6F /* Products */ = {
			isa = PBXGroup;
			children = (
				12567DD62327328000A5AB6F /* flixster.app */,
				12567DEA2327328100A5AB6F /* flixsterTests.xctest */,
				12567DF52327328100A5AB6F /* flixsterUITests.xctest */,
			);
			name = Products;
			sourceTree = "<group>";
		};
		12567DD82327328000A5AB6F /* flixster */ = {
			isa = PBXGroup;
			children = (
				12567DD92327328000A5AB6F /* AppDelegate.swift */,
				12567DDD2327328000A5AB6F /* Main.storyboard */,
				12567DE02327328000A5AB6F /* Assets.xcassets */,
				12567DE22327328000A5AB6F /* LaunchScreen.storyboard */,
				12567DE52327328000A5AB6F /* Info.plist */,
				12567E072327355400A5AB6F /* MoviesViewController.swift */,
				12567E092327402A00A5AB6F /* MovieCell.swift */,
				1287B9EB23397A2100B50696 /* MovieDetailsViewController.swift */,
				1287B9ED2339865600B50696 /* MovieGridViewController.swift */,
				1287B9EF23399AE600B50696 /* MovieGridCell.swift */,
			);
			path = flixster;
			sourceTree = "<group>";
		};
		12567DED2327328100A5AB6F /* flixsterTests */ = {
			isa = PBXGroup;
			children = (
				12567DEE2327328100A5AB6F /* flixsterTests.swift */,
				12567DF02327328100A5AB6F /* Info.plist */,
			);
			path = flixsterTests;
			sourceTree = "<group>";
		};
		12567DF82327328100A5AB6F /* flixsterUITests */ = {
			isa = PBXGroup;
			children = (
				12567DF92327328100A5AB6F /* flixsterUITests.swift */,
				12567DFB2327328100A5AB6F /* Info.plist */,
			);
			path = flixsterUITests;
			sourceTree = "<group>";
		};
		4A332E9B9E650447431F2F92 /* Frameworks */ = {
			isa = PBXGroup;
			children = (
				8BD6C9B24E1BC73A6E52BE10 /* Pods_flixster.framework */,
				D880601795388AD0E1B5DD1A /* Pods_flixsterTests.framework */,
				0DF975CB32BAF663257C187F /* Pods_flixsterUITests.framework */,
			);
			name = Frameworks;
			sourceTree = "<group>";
		};
		CF1DBF0ACB178E306AFCCBF7 /* Pods */ = {
			isa = PBXGroup;
			children = (
				9F881ABCF39E243CA3350712 /* Pods-flixster.debug.xcconfig */,
				8F1B420A1E693D7F584CB0E9 /* Pods-flixster.release.xcconfig */,
				7C004FF46B391B578F0AD816 /* Pods-flixsterTests.debug.xcconfig */,
				CED3F38F0FA25C05423BF846 /* Pods-flixsterTests.release.xcconfig */,
				2B638DA7AB3D98B8DA9B3ACA /* Pods-flixsterUITests.debug.xcconfig */,
				5166F52B4D9738CCF5637035 /* Pods-flixsterUITests.release.xcconfig */,
			);
			path = Pods;
			sourceTree = "<group>";
		};
/* End PBXGroup section */

/* Begin PBXNativeTarget section */
		12567DD52327328000A5AB6F /* flixster */ = {
			isa = PBXNativeTarget;
			buildConfigurationList = 12567DFE2327328100A5AB6F /* Build configuration list for PBXNativeTarget "flixster" */;
			buildPhases = (
				F94BE95DB5327CD8F19FE087 /* [CP] Check Pods Manifest.lock */,
				12567DD22327328000A5AB6F /* Sources */,
				12567DD32327328000A5AB6F /* Frameworks */,
				12567DD42327328000A5AB6F /* Resources */,
				6AAA629DACFE031535654FC4 /* [CP] Embed Pods Frameworks */,
			);
			buildRules = (
			);
			dependencies = (
			);
			name = flixster;
			productName = flixster;
			productReference = 12567DD62327328000A5AB6F /* flixster.app */;
			productType = "com.apple.product-type.application";
		};
		12567DE92327328100A5AB6F /* flixsterTests */ = {
			isa = PBXNativeTarget;
			buildConfigurationList = 12567E012327328100A5AB6F /* Build configuration list for PBXNativeTarget "flixsterTests" */;
			buildPhases = (
				BC42A96744D7F5DF1D4400C2 /* [CP] Check Pods Manifest.lock */,
				12567DE62327328100A5AB6F /* Sources */,
				12567DE72327328100A5AB6F /* Frameworks */,
				12567DE82327328100A5AB6F /* Resources */,
			);
			buildRules = (
			);
			dependencies = (
				12567DEC2327328100A5AB6F /* PBXTargetDependency */,
			);
			name = flixsterTests;
			productName = flixsterTests;
			productReference = 12567DEA2327328100A5AB6F /* flixsterTests.xctest */;
			productType = "com.apple.product-type.bundle.unit-test";
		};
		12567DF42327328100A5AB6F /* flixsterUITests */ = {
			isa = PBXNativeTarget;
			buildConfigurationList = 12567E042327328100A5AB6F /* Build configuration list for PBXNativeTarget "flixsterUITests" */;
			buildPhases = (
				9DF6919E8B1C8F5DFF4991C2 /* [CP] Check Pods Manifest.lock */,
				12567DF12327328100A5AB6F /* Sources */,
				12567DF22327328100A5AB6F /* Frameworks */,
				12567DF32327328100A5AB6F /* Resources */,
			);
			buildRules = (
			);
			dependencies = (
				12567DF72327328100A5AB6F /* PBXTargetDependency */,
			);
			name = flixsterUITests;
			productName = flixsterUITests;
			productReference = 12567DF52327328100A5AB6F /* flixsterUITests.xctest */;
			productType = "com.apple.product-type.bundle.ui-testing";
		};
/* End PBXNativeTarget section */

/* Begin PBXProject section */
		12567DCE2327328000A5AB6F /* Project object */ = {
			isa = PBXProject;
			attributes = {
				LastSwiftUpdateCheck = 1030;
				LastUpgradeCheck = 1030;
				ORGANIZATIONNAME = "Cean Manzano";
				TargetAttributes = {
					12567DD52327328000A5AB6F = {
						CreatedOnToolsVersion = 10.3;
					};
					12567DE92327328100A5AB6F = {
						CreatedOnToolsVersion = 10.3;
						TestTargetID = 12567DD52327328000A5AB6F;
					};
					12567DF42327328100A5AB6F = {
						CreatedOnToolsVersion = 10.3;
						TestTargetID = 12567DD52327328000A5AB6F;
					};
				};
			};
			buildConfigurationList = 12567DD12327328000A5AB6F /* Build configuration list for PBXProject "flixster" */;
			compatibilityVersion = "Xcode 9.3";
			developmentRegion = en;
			hasScannedForEncodings = 0;
			knownRegions = (
				en,
				Base,
			);
			mainGroup = 12567DCD2327328000A5AB6F;
			productRefGroup = 12567DD72327328000A5AB6F /* Products */;
			projectDirPath = "";
			projectRoot = "";
			targets = (
				12567DD52327328000A5AB6F /* flixster */,
				12567DE92327328100A5AB6F /* flixsterTests */,
				12567DF42327328100A5AB6F /* flixsterUITests */,
			);
		};
/* End PBXProject section */

/* Begin PBXResourcesBuildPhase section */
		12567DD42327328000A5AB6F /* Resources */ = {
			isa = PBXResourcesBuildPhase;
			buildActionMask = 2147483647;
			files = (
				12567DE42327328000A5AB6F /* LaunchScreen.storyboard in Resources */,
				12567DE12327328000A5AB6F /* Assets.xcassets in Resources */,
				12567DDF2327328000A5AB6F /* Main.storyboard in Resources */,
			);
			runOnlyForDeploymentPostprocessing = 0;
		};
		12567DE82327328100A5AB6F /* Resources */ = {
			isa = PBXResourcesBuildPhase;
			buildActionMask = 2147483647;
			files = (
			);
			runOnlyForDeploymentPostprocessing = 0;
		};
		12567DF32327328100A5AB6F /* Resources */ = {
			isa = PBXResourcesBuildPhase;
			buildActionMask = 2147483647;
			files = (
			);
			runOnlyForDeploymentPostprocessing = 0;
		};
/* End PBXResourcesBuildPhase section */

/* Begin PBXShellScriptBuildPhase section */
		6AAA629DACFE031535654FC4 /* [CP] Embed Pods Frameworks */ = {
			isa = PBXShellScriptBuildPhase;
			buildActionMask = 2147483647;
			files = (
			);
			inputFileListPaths = (
				"${PODS_ROOT}/Target Support Files/Pods-flixster/Pods-flixster-frameworks-${CONFIGURATION}-input-files.xcfilelist",
			);
			name = "[CP] Embed Pods Frameworks";
			outputFileListPaths = (
				"${PODS_ROOT}/Target Support Files/Pods-flixster/Pods-flixster-frameworks-${CONFIGURATION}-output-files.xcfilelist",
			);
			runOnlyForDeploymentPostprocessing = 0;
			shellPath = /bin/sh;
			shellScript = "\"${PODS_ROOT}/Target Support Files/Pods-flixster/Pods-flixster-frameworks.sh\"\n";
			showEnvVarsInLog = 0;
		};
		9DF6919E8B1C8F5DFF4991C2 /* [CP] Check Pods Manifest.lock */ = {
			isa = PBXShellScriptBuildPhase;
			buildActionMask = 2147483647;
			files = (
			);
			inputFileListPaths = (
			);
			inputPaths = (
				"${PODS_PODFILE_DIR_PATH}/Podfile.lock",
				"${PODS_ROOT}/Manifest.lock",
			);
			name = "[CP] Check Pods Manifest.lock";
			outputFileListPaths = (
			);
			outputPaths = (
				"$(DERIVED_FILE_DIR)/Pods-flixsterUITests-checkManifestLockResult.txt",
			);
			runOnlyForDeploymentPostprocessing = 0;
			shellPath = /bin/sh;
			shellScript = "diff \"${PODS_PODFILE_DIR_PATH}/Podfile.lock\" \"${PODS_ROOT}/Manifest.lock\" > /dev/null\nif [ $? != 0 ] ; then\n    # print error to STDERR\n    echo \"error: The sandbox is not in sync with the Podfile.lock. Run 'pod install' or update your CocoaPods installation.\" >&2\n    exit 1\nfi\n# This output is used by Xcode 'outputs' to avoid re-running this script phase.\necho \"SUCCESS\" > \"${SCRIPT_OUTPUT_FILE_0}\"\n";
			showEnvVarsInLog = 0;
		};
		BC42A96744D7F5DF1D4400C2 /* [CP] Check Pods Manifest.lock */ = {
			isa = PBXShellScriptBuildPhase;
			buildActionMask = 2147483647;
			files = (
			);
			inputFileListPaths = (
			);
			inputPaths = (
				"${PODS_PODFILE_DIR_PATH}/Podfile.lock",
				"${PODS_ROOT}/Manifest.lock",
			);
			name = "[CP] Check Pods Manifest.lock";
			outputFileListPaths = (
			);
			outputPaths = (
				"$(DERIVED_FILE_DIR)/Pods-flixsterTests-checkManifestLockResult.txt",
			);
			runOnlyForDeploymentPostprocessing = 0;
			shellPath = /bin/sh;
			shellScript = "diff \"${PODS_PODFILE_DIR_PATH}/Podfile.lock\" \"${PODS_ROOT}/Manifest.lock\" > /dev/null\nif [ $? != 0 ] ; then\n    # print error to STDERR\n    echo \"error: The sandbox is not in sync with the Podfile.lock. Run 'pod install' or update your CocoaPods installation.\" >&2\n    exit 1\nfi\n# This output is used by Xcode 'outputs' to avoid re-running this script phase.\necho \"SUCCESS\" > \"${SCRIPT_OUTPUT_FILE_0}\"\n";
			showEnvVarsInLog = 0;
		};
		F94BE95DB5327CD8F19FE087 /* [CP] Check Pods Manifest.lock */ = {
			isa = PBXShellScriptBuildPhase;
			buildActionMask = 2147483647;
			files = (
			);
			inputFileListPaths = (
			);
			inputPaths = (
				"${PODS_PODFILE_DIR_PATH}/Podfile.lock",
				"${PODS_ROOT}/Manifest.lock",
			);
			name = "[CP] Check Pods Manifest.lock";
			outputFileListPaths = (
			);
			outputPaths = (
				"$(DERIVED_FILE_DIR)/Pods-flixster-checkManifestLockResult.txt",
			);
			runOnlyForDeploymentPostprocessing = 0;
			shellPath = /bin/sh;
			shellScript = "diff \"${PODS_PODFILE_DIR_PATH}/Podfile.lock\" \"${PODS_ROOT}/Manifest.lock\" > /dev/null\nif [ $? != 0 ] ; then\n    # print error to STDERR\n    echo \"error: The sandbox is not in sync with the Podfile.lock. Run 'pod install' or update your CocoaPods installation.\" >&2\n    exit 1\nfi\n# This output is used by Xcode 'outputs' to avoid re-running this script phase.\necho \"SUCCESS\" > \"${SCRIPT_OUTPUT_FILE_0}\"\n";
			showEnvVarsInLog = 0;
		};
/* End PBXShellScriptBuildPhase section */

/* Begin PBXSourcesBuildPhase section */
		12567DD22327328000A5AB6F /* Sources */ = {
			isa = PBXSourcesBuildPhase;
			buildActionMask = 2147483647;
			files = (
				1287B9EE2339865600B50696 /* MovieGridViewController.swift in Sources */,
				1287B9EC23397A2100B50696 /* MovieDetailsViewController.swift in Sources */,
				12567DDA2327328000A5AB6F /* AppDelegate.swift in Sources */,
				12567E082327355400A5AB6F /* MoviesViewController.swift in Sources */,
				1287B9F023399AE600B50696 /* MovieGridCell.swift in Sources */,
				12567E0A2327402A00A5AB6F /* MovieCell.swift in Sources */,
			);
			runOnlyForDeploymentPostprocessing = 0;
		};
		12567DE62327328100A5AB6F /* Sources */ = {
			isa = PBXSourcesBuildPhase;
			buildActionMask = 2147483647;
			files = (
				12567DEF2327328100A5AB6F /* flixsterTests.swift in Sources */,
			);
			runOnlyForDeploymentPostprocessing = 0;
		};
		12567DF12327328100A5AB6F /* Sources */ = {
			isa = PBXSourcesBuildPhase;
			buildActionMask = 2147483647;
			files = (
				12567DFA2327328100A5AB6F /* flixsterUITests.swift in Sources */,
			);
			runOnlyForDeploymentPostprocessing = 0;
		};
/* End PBXSourcesBuildPhase section */

/* Begin PBXTargetDependency section */
		12567DEC2327328100A5AB6F /* PBXTargetDependency */ = {
			isa = PBXTargetDependency;
			target = 12567DD52327328000A5AB6F /* flixster */;
			targetProxy = 12567DEB2327328100A5AB6F /* PBXContainerItemProxy */;
		};
		12567DF72327328100A5AB6F /* PBXTargetDependency */ = {
			isa = PBXTargetDependency;
			target = 12567DD52327328000A5AB6F /* flixster */;
			targetProxy = 12567DF62327328100A5AB6F /* PBXContainerItemProxy */;
		};
/* End PBXTargetDependency section */

/* Begin PBXVariantGroup section */
		12567DDD2327328000A5AB6F /* Main.storyboard */ = {
			isa = PBXVariantGroup;
			children = (
				12567DDE2327328000A5AB6F /* Base */,
			);
			name = Main.storyboard;
			sourceTree = "<group>";
		};
		12567DE22327328000A5AB6F /* LaunchScreen.storyboard */ = {
			isa = PBXVariantGroup;
			children = (
				12567DE32327328000A5AB6F /* Base */,
			);
			name = LaunchScreen.storyboard;
			sourceTree = "<group>";
		};
/* End PBXVariantGroup section */

/* Begin XCBuildConfiguration section */
		12567DFC2327328100A5AB6F /* Debug */ = {
			isa = XCBuildConfiguration;
			buildSettings = {
				ALWAYS_SEARCH_USER_PATHS = NO;
				CLANG_ANALYZER_NONNULL = YES;
				CLANG_ANALYZER_NUMBER_OBJECT_CONVERSION = YES_AGGRESSIVE;
				CLANG_CXX_LANGUAGE_STANDARD = "gnu++14";
				CLANG_CXX_LIBRARY = "libc++";
				CLANG_ENABLE_MODULES = YES;
				CLANG_ENABLE_OBJC_ARC = YES;
				CLANG_ENABLE_OBJC_WEAK = YES;
				CLANG_WARN_BLOCK_CAPTURE_AUTORELEASING = YES;
				CLANG_WARN_BOOL_CONVERSION = YES;
				CLANG_WARN_COMMA = YES;
				CLANG_WARN_CONSTANT_CONVERSION = YES;
				CLANG_WARN_DEPRECATED_OBJC_IMPLEMENTATIONS = YES;
				CLANG_WARN_DIRECT_OBJC_ISA_USAGE = YES_ERROR;
				CLANG_WARN_DOCUMENTATION_COMMENTS = YES;
				CLANG_WARN_EMPTY_BODY = YES;
				CLANG_WARN_ENUM_CONVERSION = YES;
				CLANG_WARN_INFINITE_RECURSION = YES;
				CLANG_WARN_INT_CONVERSION = YES;
				CLANG_WARN_NON_LITERAL_NULL_CONVERSION = YES;
				CLANG_WARN_OBJC_IMPLICIT_RETAIN_SELF = YES;
				CLANG_WARN_OBJC_LITERAL_CONVERSION = YES;
				CLANG_WARN_OBJC_ROOT_CLASS = YES_ERROR;
				CLANG_WARN_RANGE_LOOP_ANALYSIS = YES;
				CLANG_WARN_STRICT_PROTOTYPES = YES;
				CLANG_WARN_SUSPICIOUS_MOVE = YES;
				CLANG_WARN_UNGUARDED_AVAILABILITY = YES_AGGRESSIVE;
				CLANG_WARN_UNREACHABLE_CODE = YES;
				CLANG_WARN__DUPLICATE_METHOD_MATCH = YES;
				CODE_SIGN_IDENTITY = "iPhone Developer";
				COPY_PHASE_STRIP = NO;
				DEBUG_INFORMATION_FORMAT = dwarf;
				ENABLE_STRICT_OBJC_MSGSEND = YES;
				ENABLE_TESTABILITY = YES;
				GCC_C_LANGUAGE_STANDARD = gnu11;
				GCC_DYNAMIC_NO_PIC = NO;
				GCC_NO_COMMON_BLOCKS = YES;
				GCC_OPTIMIZATION_LEVEL = 0;
				GCC_PREPROCESSOR_DEFINITIONS = (
					"DEBUG=1",
					"$(inherited)",
				);
				GCC_WARN_64_TO_32_BIT_CONVERSION = YES;
				GCC_WARN_ABOUT_RETURN_TYPE = YES_ERROR;
				GCC_WARN_UNDECLARED_SELECTOR = YES;
				GCC_WARN_UNINITIALIZED_AUTOS = YES_AGGRESSIVE;
				GCC_WARN_UNUSED_FUNCTION = YES;
				GCC_WARN_UNUSED_VARIABLE = YES;
				IPHONEOS_DEPLOYMENT_TARGET = 12.4;
				MTL_ENABLE_DEBUG_INFO = INCLUDE_SOURCE;
				MTL_FAST_MATH = YES;
				ONLY_ACTIVE_ARCH = YES;
				SDKROOT = iphoneos;
				SWIFT_ACTIVE_COMPILATION_CONDITIONS = DEBUG;
				SWIFT_OPTIMIZATION_LEVEL = "-Onone";
			};
			name = Debug;
		};
		12567DFD2327328100A5AB6F /* Release */ = {
			isa = XCBuildConfiguration;
			buildSettings = {
				ALWAYS_SEARCH_USER_PATHS = NO;
				CLANG_ANALYZER_NONNULL = YES;
				CLANG_ANALYZER_NUMBER_OBJECT_CONVERSION = YES_AGGRESSIVE;
				CLANG_CXX_LANGUAGE_STANDARD = "gnu++14";
				CLANG_CXX_LIBRARY = "libc++";
				CLANG_ENABLE_MODULES = YES;
				CLANG_ENABLE_OBJC_ARC = YES;
				CLANG_ENABLE_OBJC_WEAK = YES;
				CLANG_WARN_BLOCK_CAPTURE_AUTORELEASING = YES;
				CLANG_WARN_BOOL_CONVERSION = YES;
				CLANG_WARN_COMMA = YES;
				CLANG_WARN_CONSTANT_CONVERSION = YES;
				CLANG_WARN_DEPRECATED_OBJC_IMPLEMENTATIONS = YES;
				CLANG_WARN_DIRECT_OBJC_ISA_USAGE = YES_ERROR;
				CLANG_WARN_DOCUMENTATION_COMMENTS = YES;
				CLANG_WARN_EMPTY_BODY = YES;
				CLANG_WARN_ENUM_CONVERSION = YES;
				CLANG_WARN_INFINITE_RECURSION = YES;
				CLANG_WARN_INT_CONVERSION = YES;
				CLANG_WARN_NON_LITERAL_NULL_CONVERSION = YES;
				CLANG_WARN_OBJC_IMPLICIT_RETAIN_SELF = YES;
				CLANG_WARN_OBJC_LITERAL_CONVERSION = YES;
				CLANG_WARN_OBJC_ROOT_CLASS = YES_ERROR;
				CLANG_WARN_RANGE_LOOP_ANALYSIS = YES;
				CLANG_WARN_STRICT_PROTOTYPES = YES;
				CLANG_WARN_SUSPICIOUS_MOVE = YES;
				CLANG_WARN_UNGUARDED_AVAILABILITY = YES_AGGRESSIVE;
				CLANG_WARN_UNREACHABLE_CODE = YES;
				CLANG_WARN__DUPLICATE_METHOD_MATCH = YES;
				CODE_SIGN_IDENTITY = "iPhone Developer";
				COPY_PHASE_STRIP = NO;
				DEBUG_INFORMATION_FORMAT = "dwarf-with-dsym";
				ENABLE_NS_ASSERTIONS = NO;
				ENABLE_STRICT_OBJC_MSGSEND = YES;
				GCC_C_LANGUAGE_STANDARD = gnu11;
				GCC_NO_COMMON_BLOCKS = YES;
				GCC_WARN_64_TO_32_BIT_CONVERSION = YES;
				GCC_WARN_ABOUT_RETURN_TYPE = YES_ERROR;
				GCC_WARN_UNDECLARED_SELECTOR = YES;
				GCC_WARN_UNINITIALIZED_AUTOS = YES_AGGRESSIVE;
				GCC_WARN_UNUSED_FUNCTION = YES;
				GCC_WARN_UNUSED_VARIABLE = YES;
				IPHONEOS_DEPLOYMENT_TARGET = 12.4;
				MTL_ENABLE_DEBUG_INFO = NO;
				MTL_FAST_MATH = YES;
				SDKROOT = iphoneos;
				SWIFT_COMPILATION_MODE = wholemodule;
				SWIFT_OPTIMIZATION_LEVEL = "-O";
				VALIDATE_PRODUCT = YES;
			};
			name = Release;
		};
		12567DFF2327328100A5AB6F /* Debug */ = {
			isa = XCBuildConfiguration;
			baseConfigurationReference = 9F881ABCF39E243CA3350712 /* Pods-flixster.debug.xcconfig */;
			buildSettings = {
				ASSETCATALOG_COMPILER_APPICON_NAME = AppIcon;
				CODE_SIGN_IDENTITY = "iPhone Developer";
				CODE_SIGN_STYLE = Automatic;
				DEVELOPMENT_TEAM = C5EP83SP8J;
				INFOPLIST_FILE = flixster/Info.plist;
				LD_RUNPATH_SEARCH_PATHS = (
					"$(inherited)",
					"@executable_path/Frameworks",
				);
				PRODUCT_BUNDLE_IDENTIFIER = CeanManzano.flixster;
				PRODUCT_NAME = "$(TARGET_NAME)";
				PROVISIONING_PROFILE_SPECIFIER = "";
				SWIFT_VERSION = 5.0;
				TARGETED_DEVICE_FAMILY = "1,2";
			};
			name = Debug;
		};
		12567E002327328100A5AB6F /* Release */ = {
			isa = XCBuildConfiguration;
			baseConfigurationReference = 8F1B420A1E693D7F584CB0E9 /* Pods-flixster.release.xcconfig */;
			buildSettings = {
				ASSETCATALOG_COMPILER_APPICON_NAME = AppIcon;
				CODE_SIGN_IDENTITY = "iPhone Developer";
				CODE_SIGN_STYLE = Automatic;
				DEVELOPMENT_TEAM = C5EP83SP8J;
				INFOPLIST_FILE = flixster/Info.plist;
				LD_RUNPATH_SEARCH_PATHS = (
					"$(inherited)",
					"@executable_path/Frameworks",
				);
				PRODUCT_BUNDLE_IDENTIFIER = CeanManzano.flixster;
				PRODUCT_NAME = "$(TARGET_NAME)";
				PROVISIONING_PROFILE_SPECIFIER = "";
				SWIFT_VERSION = 5.0;
				TARGETED_DEVICE_FAMILY = "1,2";
			};
			name = Release;
		};
		12567E022327328100A5AB6F /* Debug */ = {
			isa = XCBuildConfiguration;
			baseConfigurationReference = 7C004FF46B391B578F0AD816 /* Pods-flixsterTests.debug.xcconfig */;
			buildSettings = {
				ALWAYS_EMBED_SWIFT_STANDARD_LIBRARIES = YES;
				BUNDLE_LOADER = "$(TEST_HOST)";
				CODE_SIGN_STYLE = Automatic;
				DEVELOPMENT_TEAM = C5EP83SP8J;
				INFOPLIST_FILE = flixsterTests/Info.plist;
				LD_RUNPATH_SEARCH_PATHS = (
					"$(inherited)",
					"@executable_path/Frameworks",
					"@loader_path/Frameworks",
				);
				PRODUCT_BUNDLE_IDENTIFIER = CeanManzano.flixsterTests;
				PRODUCT_NAME = "$(TARGET_NAME)";
				SWIFT_VERSION = 5.0;
				TARGETED_DEVICE_FAMILY = "1,2";
				TEST_HOST = "$(BUILT_PRODUCTS_DIR)/flixster.app/flixster";
			};
			name = Debug;
		};
		12567E032327328100A5AB6F /* Release */ = {
			isa = XCBuildConfiguration;
			baseConfigurationReference = CED3F38F0FA25C05423BF846 /* Pods-flixsterTests.release.xcconfig */;
			buildSettings = {
				ALWAYS_EMBED_SWIFT_STANDARD_LIBRARIES = YES;
				BUNDLE_LOADER = "$(TEST_HOST)";
				CODE_SIGN_STYLE = Automatic;
				DEVELOPMENT_TEAM = C5EP83SP8J;
				INFOPLIST_FILE = flixsterTests/Info.plist;
				LD_RUNPATH_SEARCH_PATHS = (
					"$(inherited)",
					"@executable_path/Frameworks",
					"@loader_path/Frameworks",
				);
				PRODUCT_BUNDLE_IDENTIFIER = CeanManzano.flixsterTests;
				PRODUCT_NAME = "$(TARGET_NAME)";
				SWIFT_VERSION = 5.0;
				TARGETED_DEVICE_FAMILY = "1,2";
				TEST_HOST = "$(BUILT_PRODUCTS_DIR)/flixster.app/flixster";
			};
			name = Release;
		};
		12567E052327328100A5AB6F /* Debug */ = {
			isa = XCBuildConfiguration;
			baseConfigurationReference = 2B638DA7AB3D98B8DA9B3ACA /* Pods-flixsterUITests.debug.xcconfig */;
			buildSettings = {
				ALWAYS_EMBED_SWIFT_STANDARD_LIBRARIES = YES;
				CODE_SIGN_STYLE = Automatic;
				DEVELOPMENT_TEAM = C5EP83SP8J;
				INFOPLIST_FILE = flixsterUITests/Info.plist;
				LD_RUNPATH_SEARCH_PATHS = (
					"$(inherited)",
					"@executable_path/Frameworks",
					"@loader_path/Frameworks",
				);
				PRODUCT_BUNDLE_IDENTIFIER = CeanManzano.flixsterUITests;
				PRODUCT_NAME = "$(TARGET_NAME)";
				SWIFT_VERSION = 5.0;
				TARGETED_DEVICE_FAMILY = "1,2";
				TEST_TARGET_NAME = flixster;
			};
			name = Debug;
		};
		12567E062327328100A5AB6F /* Release */ = {
			isa = XCBuildConfiguration;
			baseConfigurationReference = 5166F52B4D9738CCF5637035 /* Pods-flixsterUITests.release.xcconfig */;
			buildSettings = {
				ALWAYS_EMBED_SWIFT_STANDARD_LIBRARIES = YES;
				CODE_SIGN_STYLE = Automatic;
				DEVELOPMENT_TEAM = C5EP83SP8J;
				INFOPLIST_FILE = flixsterUITests/Info.plist;
				LD_RUNPATH_SEARCH_PATHS = (
					"$(inherited)",
					"@executable_path/Frameworks",
					"@loader_path/Frameworks",
				);
				PRODUCT_BUNDLE_IDENTIFIER = CeanManzano.flixsterUITests;
				PRODUCT_NAME = "$(TARGET_NAME)";
				SWIFT_VERSION = 5.0;
				TARGETED_DEVICE_FAMILY = "1,2";
				TEST_TARGET_NAME = flixster;
			};
			name = Release;
		};
/* End XCBuildConfiguration section */

/* Begin XCConfigurationList section */
		12567DD12327328000A5AB6F /* Build configuration list for PBXProject "flixster" */ = {
			isa = XCConfigurationList;
			buildConfigurations = (
				12567DFC2327328100A5AB6F /* Debug */,
				12567DFD2327328100A5AB6F /* Release */,
			);
			defaultConfigurationIsVisible = 0;
			defaultConfigurationName = Release;
		};
		12567DFE2327328100A5AB6F /* Build configuration list for PBXNativeTarget "flixster" */ = {
			isa = XCConfigurationList;
			buildConfigurations = (
				12567DFF2327328100A5AB6F /* Debug */,
				12567E002327328100A5AB6F /* Release */,
			);
			defaultConfigurationIsVisible = 0;
			defaultConfigurationName = Release;
		};
		12567E012327328100A5AB6F /* Build configuration list for PBXNativeTarget "flixsterTests" */ = {
			isa = XCConfigurationList;
			buildConfigurations = (
				12567E022327328100A5AB6F /* Debug */,
				12567E032327328100A5AB6F /* Release */,
			);
			defaultConfigurationIsVisible = 0;
			defaultConfigurationName = Release;
		};
		12567E042327328100A5AB6F /* Build configuration list for PBXNativeTarget "flixsterUITests" */ = {
			isa = XCConfigurationList;
			buildConfigurations = (
				12567E052327328100A5AB6F /* Debug */,
				12567E062327328100A5AB6F /* Release */,
			);
			defaultConfigurationIsVisible = 0;
			defaultConfigurationName = Release;
		};
/* End XCConfigurationList section */
	};
	rootObject = 12567DCE2327328000A5AB6F /* Project object */;
}
